
Microsoft Visual Studio Solution File, Format Version 12.00
# Visual Studio Version 17
VisualStudioVersion = 17.4.33103.184
MinimumVisualStudioVersion = 10.0.40219.1
Project("{FAE04EC0-301F-11D3-BF4B-00C04F79EFBC}") = "hm8", "hm8.csproj", "{6B99923B-AD69-4480-8335-D8B3A8EFC8AB}"
EndProject
Global
	GlobalSection(SolutionConfigurationPlatforms) = preSolution
		Debug|Any CPU = Debug|Any CPU
		Release|Any CPU = Release|Any CPU
	EndGlobalSection
	GlobalSection(ProjectConfigurationPlatforms) = postSolution
		{6B99923B-AD69-4480-8335-D8B3A8EFC8AB}.Debug|Any CPU.ActiveCfg = Debug|Any CPU
		{6B99923B-AD69-4480-8335-D8B3A8EFC8AB}.Debug|Any CPU.Build.0 = Debug|Any CPU
		{6B99923B-AD69-4480-8335-D8B3A8EFC8AB}.Release|Any CPU.ActiveCfg = Release|Any CPU
		{6B99923B-AD69-4480-8335-D8B3A8EFC8AB}.Release|Any CPU.Build.0 = Release|Any CPU
	EndGlobalSection
	GlobalSection(SolutionProperties) = preSolution
		HideSolutionNode = FALSE
	EndGlobalSection
	GlobalSection(ExtensibilityGlobals) = postSolution
		SolutionGuid = {1BD44FED-4C9D-4BE5-8C2B-140EAD56AF1F}
	EndGlobalSection
EndGlobal
